
Microsoft Visual Studio Solution File, Format Version 12.00
Project("{FAE04EC0-301F-11D3-BF4B-00C04F79EFBC}") = "Optimus.Cli", "Optimus.Cli\Optimus.Cli.csproj", "{99676C71-9FF6-41E1-83C3-CFF470832E97}"
EndProject
Global
	GlobalSection(SolutionConfigurationPlatforms) = preSolution
		Debug|Any CPU = Debug|Any CPU
		Release|Any CPU = Release|Any CPU
	EndGlobalSection
	GlobalSection(ProjectConfigurationPlatforms) = postSolution
		{99676C71-9FF6-41E1-83C3-CFF470832E97}.Debug|Any CPU.ActiveCfg = Debug|Any CPU
		{99676C71-9FF6-41E1-83C3-CFF470832E97}.Debug|Any CPU.Build.0 = Debug|Any CPU
		{99676C71-9FF6-41E1-83C3-CFF470832E97}.Release|Any CPU.ActiveCfg = Release|Any CPU
		{99676C71-9FF6-41E1-83C3-CFF470832E97}.Release|Any CPU.Build.0 = Release|Any CPU
	EndGlobalSection
EndGlobal
